# This file is autogenerated, do not edit; changes may be undone by the next 'dep ensure'.


[[projects]]
  branch = "master"
  name = "github.com/frozzare/go"
  packages = ["cast","env","map2"]
  revision = "9361d1c040b03309ca45f58beffee0f869bbecc3"

[[projects]]
  name = "github.com/go-log/log"
  packages = [".","log"]
  revision = "37e2e1f19306361e1fc152a1839f1236149cb4e4"
  version = "v0.1.0"

[[projects]]
  name = "github.com/gorhill/cronexpr"
  packages = ["."]
  revision = "a557574d6c024ed6e36acc8b610f5f211c91568a"
  version = "1.0.0"

[[projects]]
  name = "github.com/joho/godotenv"
  packages = ["."]
  revision = "a79fa1e548e2c689c241d10173efd51e5d689d5b"
  version = "v1.2.0"

[[projects]]
  name = "github.com/pkg/errors"
  packages = ["."]
  revision = "645ef00459ed84a119197bfb8d8205042c6df63d"
  version = "v0.8.0"

[[projects]]
  name = "github.com/spf13/pflag"
  packages = ["."]
  revision = "583c0c0531f06d5278b7d917446061adc344b5cd"
  version = "v1.0.1"

[[projects]]
  name = "gopkg.in/yaml.v2"
  packages = ["."]
  revision = "5420a8b6744d3b0345ab293f6fcba19c978f1183"
  version = "v2.2.1"

[solve-meta]
  analyzer-name = "dep"
  analyzer-version = 1
  inputs-digest = "62d38895fdfb01717a27b48c151eb4423c8bb62ffad404fed33ba30cf20f9031"
  solver-name = "gps-cdcl"
  solver-version = 1
